// !$*UTF8*$!
{
	archiveVersion = 1;
	classes = {
	};
	objectVersion = 48;
	objects = {

/* Begin PBXBuildFile section */
		3810DA4C1F832A5300B5180E /* PatientMapViewController.swift in Sources */ = {isa = PBXBuildFile; fileRef = 3810DA4B1F832A5300B5180E /* PatientMapViewController.swift */; };
		3810DA4E1F832AAC00B5180E /* CaretakerSafeZonesViewController.swift in Sources */ = {isa = PBXBuildFile; fileRef = 3810DA4D1F832AAC00B5180E /* CaretakerSafeZonesViewController.swift */; };
		384756C31FCCE7BF00FDA3E8 /* MBARAnchor.swift in Sources */ = {isa = PBXBuildFile; fileRef = 384756C01FCCE7BE00FDA3E8 /* MBARAnchor.swift */; };
		384756C41FCCE7BF00FDA3E8 /* AnnotationManager.swift in Sources */ = {isa = PBXBuildFile; fileRef = 384756C11FCCE7BF00FDA3E8 /* AnnotationManager.swift */; };
		384756C51FCCE7BF00FDA3E8 /* Annotation.swift in Sources */ = {isa = PBXBuildFile; fileRef = 384756C21FCCE7BF00FDA3E8 /* Annotation.swift */; };
		384756C71FCCE7C700FDA3E8 /* ARViewController.swift in Sources */ = {isa = PBXBuildFile; fileRef = 384756C61FCCE7C700FDA3E8 /* ARViewController.swift */; };
		384756C91FCCE7D100FDA3E8 /* art.scnassets in Resources */ = {isa = PBXBuildFile; fileRef = 384756C81FCCE7D000FDA3E8 /* art.scnassets */; };
		3847EEA81F79DD6000305761 /* MapViewController.swift in Sources */ = {isa = PBXBuildFile; fileRef = 3847EEA71F79DD6000305761 /* MapViewController.swift */; };
		3847EEAA1F79DFAF00305761 /* CaretakerBookmarksViewController.swift in Sources */ = {isa = PBXBuildFile; fileRef = 3847EEA91F79DFAF00305761 /* CaretakerBookmarksViewController.swift */; };
		3847EEAE1F79E02E00305761 /* CaretakerReportViewController.swift in Sources */ = {isa = PBXBuildFile; fileRef = 3847EEAD1F79E02E00305761 /* CaretakerReportViewController.swift */; };
		3847EEB01F79E08700305761 /* CaretakerHistoryViewController.swift in Sources */ = {isa = PBXBuildFile; fileRef = 3847EEAF1F79E08700305761 /* CaretakerHistoryViewController.swift */; };
		385BA3301F79BD38004B9061 /* LoginViewController.swift in Sources */ = {isa = PBXBuildFile; fileRef = 385BA32F1F79BD38004B9061 /* LoginViewController.swift */; };
		385BA3311F79BE2A004B9061 /* UIView+AutoLayout.swift in Sources */ = {isa = PBXBuildFile; fileRef = 38C1209D1F736FAC00A4A9A4 /* UIView+AutoLayout.swift */; };
		385BA3321F79BE2C004B9061 /* UIColor+Extensions.swift in Sources */ = {isa = PBXBuildFile; fileRef = 38C1209C1F736FAC00A4A9A4 /* UIColor+Extensions.swift */; };
		385BA3331F79BE2E004B9061 /* UIApplication+Extensions.swift in Sources */ = {isa = PBXBuildFile; fileRef = 38C1209B1F736FAC00A4A9A4 /* UIApplication+Extensions.swift */; };
		385BA33F1F79C2A5004B9061 /* User.swift in Sources */ = {isa = PBXBuildFile; fileRef = 385BA33E1F79C2A5004B9061 /* User.swift */; };
		3869F55B1FA2B58F00DC3CDC /* Pods-SafetyBeacon-acknowledgements.plist in Resources */ = {isa = PBXBuildFile; fileRef = 3869F55A1FA2B58F00DC3CDC /* Pods-SafetyBeacon-acknowledgements.plist */; };
		3869F55D1FA2BA0D00DC3CDC /* Constants.swift in Sources */ = {isa = PBXBuildFile; fileRef = 3869F55C1FA2BA0C00DC3CDC /* Constants.swift */; };
		3869F55F1FA2BA1200DC3CDC /* PushNotification.swift in Sources */ = {isa = PBXBuildFile; fileRef = 3869F55E1FA2BA1200DC3CDC /* PushNotification.swift */; };
		3869F5611FA2C00F00DC3CDC /* AccountSetupViewController.swift in Sources */ = {isa = PBXBuildFile; fileRef = 3869F5601FA2C00F00DC3CDC /* AccountSetupViewController.swift */; };
		3869F5631FA2D0F600DC3CDC /* ProgressHUD.swift in Sources */ = {isa = PBXBuildFile; fileRef = 3869F5621FA2D0F000DC3CDC /* ProgressHUD.swift */; };
		3892E9BC1F78539F002E3AC2 /* Secrets.swift in Sources */ = {isa = PBXBuildFile; fileRef = 3892E9BB1F78539F002E3AC2 /* Secrets.swift */; };
		3892E9C21F79B460002E3AC2 /* LocationManager.swift in Sources */ = {isa = PBXBuildFile; fileRef = 3892E9C11F79B460002E3AC2 /* LocationManager.swift */; };
		3892E9C41F79B5ED002E3AC2 /* Log.swift in Sources */ = {isa = PBXBuildFile; fileRef = 3892E9C31F79B5ED002E3AC2 /* Log.swift */; };
		389E62F91F90992C005B39DA /* ContentController.swift in Sources */ = {isa = PBXBuildFile; fileRef = 389E62F81F90992C005B39DA /* ContentController.swift */; };
		389E62FB1F909A41005B39DA /* SettingsViewController.swift in Sources */ = {isa = PBXBuildFile; fileRef = 389E62FA1F909A41005B39DA /* SettingsViewController.swift */; };
		38B7DE811F9091AB0023E495 /* Style.swift in Sources */ = {isa = PBXBuildFile; fileRef = 38B7DE801F9091AB0023E495 /* Style.swift */; };
		38C890D51FAE6C2900723F0D /* DynamicTabBarController.swift in Sources */ = {isa = PBXBuildFile; fileRef = 38C890D11FAE6C2800723F0D /* DynamicTabBarController.swift */; };
		38C890D61FAE6C2900723F0D /* DynamicTabBar.swift in Sources */ = {isa = PBXBuildFile; fileRef = 38C890D21FAE6C2800723F0D /* DynamicTabBar.swift */; };
		38C890D71FAE6C2900723F0D /* NSConstraintLayoutSet.swift in Sources */ = {isa = PBXBuildFile; fileRef = 38C890D31FAE6C2900723F0D /* NSConstraintLayoutSet.swift */; };
		38C890D81FAE6C2900723F0D /* DynamicTabBarItem.swift in Sources */ = {isa = PBXBuildFile; fileRef = 38C890D41FAE6C2900723F0D /* DynamicTabBarItem.swift */; };
		38F7C2561F736D92006C995A /* AppDelegate.swift in Sources */ = {isa = PBXBuildFile; fileRef = 38F7C2551F736D92006C995A /* AppDelegate.swift */; };
		38F7C27E1F736EC0006C995A /* LaunchScreen.storyboard in Resources */ = {isa = PBXBuildFile; fileRef = 38F7C2771F736E36006C995A /* LaunchScreen.storyboard */; };
		38F7C2801F736EC5006C995A /* Assets.xcassets in Resources */ = {isa = PBXBuildFile; fileRef = 38F7C27B1F736E37006C995A /* Assets.xcassets */; };
		785FFDF79C7B992CF2941605 /* Pods_SafetyBeacon.framework in Frameworks */ = {isa = PBXBuildFile; fileRef = 9324C7D4A6FA4E0E95079A40 /* Pods_SafetyBeacon.framework */; };
		961FF6CF1FBD6E26006C7535 /* PatientBookmarksViewController.swift in Sources */ = {isa = PBXBuildFile; fileRef = 961FF6CE1FBD6E26006C7535 /* PatientBookmarksViewController.swift */; };
		96255D061FAE78990072F482 /* PatientLocationViewController.swift in Sources */ = {isa = PBXBuildFile; fileRef = 96255D051FAE78990072F482 /* PatientLocationViewController.swift */; };
		966251891FCE936200E6528E /* SafeZonesTest.gpx in Resources */ = {isa = PBXBuildFile; fileRef = 966251881FCE936200E6528E /* SafeZonesTest.gpx */; };
		968BCD111FC2446E00EAB598 /* CaretakerLocationViewController.swift in Sources */ = {isa = PBXBuildFile; fileRef = 968BCD101FC2446E00EAB598 /* CaretakerLocationViewController.swift */; };
/* End PBXBuildFile section */

/* Begin PBXFileReference section */
		3810DA4B1F832A5300B5180E /* PatientMapViewController.swift */ = {isa = PBXFileReference; lastKnownFileType = sourcecode.swift; path = PatientMapViewController.swift; sourceTree = "<group>"; };
		3810DA4D1F832AAC00B5180E /* CaretakerSafeZonesViewController.swift */ = {isa = PBXFileReference; lastKnownFileType = sourcecode.swift; path = CaretakerSafeZonesViewController.swift; sourceTree = "<group>"; };
		384756C01FCCE7BE00FDA3E8 /* MBARAnchor.swift */ = {isa = PBXFileReference; fileEncoding = 4; lastKnownFileType = sourcecode.swift; path = MBARAnchor.swift; sourceTree = "<group>"; };
		384756C11FCCE7BF00FDA3E8 /* AnnotationManager.swift */ = {isa = PBXFileReference; fileEncoding = 4; lastKnownFileType = sourcecode.swift; path = AnnotationManager.swift; sourceTree = "<group>"; };
		384756C21FCCE7BF00FDA3E8 /* Annotation.swift */ = {isa = PBXFileReference; fileEncoding = 4; lastKnownFileType = sourcecode.swift; path = Annotation.swift; sourceTree = "<group>"; };
		384756C61FCCE7C700FDA3E8 /* ARViewController.swift */ = {isa = PBXFileReference; fileEncoding = 4; lastKnownFileType = sourcecode.swift; path = ARViewController.swift; sourceTree = "<group>"; };
		384756C81FCCE7D000FDA3E8 /* art.scnassets */ = {isa = PBXFileReference; lastKnownFileType = wrapper.scnassets; path = art.scnassets; sourceTree = "<group>"; };
		3847EEA71F79DD6000305761 /* MapViewController.swift */ = {isa = PBXFileReference; lastKnownFileType = sourcecode.swift; path = MapViewController.swift; sourceTree = "<group>"; };
		3847EEA91F79DFAF00305761 /* CaretakerBookmarksViewController.swift */ = {isa = PBXFileReference; lastKnownFileType = sourcecode.swift; path = CaretakerBookmarksViewController.swift; sourceTree = "<group>"; };
		3847EEAD1F79E02E00305761 /* CaretakerReportViewController.swift */ = {isa = PBXFileReference; lastKnownFileType = sourcecode.swift; path = CaretakerReportViewController.swift; sourceTree = "<group>"; };
		3847EEAF1F79E08700305761 /* CaretakerHistoryViewController.swift */ = {isa = PBXFileReference; lastKnownFileType = sourcecode.swift; path = CaretakerHistoryViewController.swift; sourceTree = "<group>"; };
		385BA32F1F79BD38004B9061 /* LoginViewController.swift */ = {isa = PBXFileReference; lastKnownFileType = sourcecode.swift; path = LoginViewController.swift; sourceTree = "<group>"; };
		385BA33E1F79C2A5004B9061 /* User.swift */ = {isa = PBXFileReference; lastKnownFileType = sourcecode.swift; path = User.swift; sourceTree = "<group>"; };
		3869F55A1FA2B58F00DC3CDC /* Pods-SafetyBeacon-acknowledgements.plist */ = {isa = PBXFileReference; fileEncoding = 4; lastKnownFileType = text.plist.xml; name = "Pods-SafetyBeacon-acknowledgements.plist"; path = "Pods/Target Support Files/Pods-SafetyBeacon/Pods-SafetyBeacon-acknowledgements.plist"; sourceTree = SOURCE_ROOT; };
		3869F55C1FA2BA0C00DC3CDC /* Constants.swift */ = {isa = PBXFileReference; fileEncoding = 4; lastKnownFileType = sourcecode.swift; path = Constants.swift; sourceTree = "<group>"; };
		3869F55E1FA2BA1200DC3CDC /* PushNotification.swift */ = {isa = PBXFileReference; fileEncoding = 4; lastKnownFileType = sourcecode.swift; path = PushNotification.swift; sourceTree = "<group>"; };
		3869F5601FA2C00F00DC3CDC /* AccountSetupViewController.swift */ = {isa = PBXFileReference; lastKnownFileType = sourcecode.swift; path = AccountSetupViewController.swift; sourceTree = "<group>"; };
		3869F5621FA2D0F000DC3CDC /* ProgressHUD.swift */ = {isa = PBXFileReference; fileEncoding = 4; lastKnownFileType = sourcecode.swift; path = ProgressHUD.swift; sourceTree = "<group>"; };
		3892E9BB1F78539F002E3AC2 /* Secrets.swift */ = {isa = PBXFileReference; lastKnownFileType = sourcecode.swift; path = Secrets.swift; sourceTree = "<group>"; };
		3892E9C11F79B460002E3AC2 /* LocationManager.swift */ = {isa = PBXFileReference; lastKnownFileType = sourcecode.swift; path = LocationManager.swift; sourceTree = "<group>"; };
		3892E9C31F79B5ED002E3AC2 /* Log.swift */ = {isa = PBXFileReference; lastKnownFileType = sourcecode.swift; path = Log.swift; sourceTree = "<group>"; };
		389E62F81F90992C005B39DA /* ContentController.swift */ = {isa = PBXFileReference; lastKnownFileType = sourcecode.swift; path = ContentController.swift; sourceTree = "<group>"; };
		389E62FA1F909A41005B39DA /* SettingsViewController.swift */ = {isa = PBXFileReference; lastKnownFileType = sourcecode.swift; path = SettingsViewController.swift; sourceTree = "<group>"; };
		38B7DE801F9091AB0023E495 /* Style.swift */ = {isa = PBXFileReference; lastKnownFileType = sourcecode.swift; path = Style.swift; sourceTree = "<group>"; };
		38C1209B1F736FAC00A4A9A4 /* UIApplication+Extensions.swift */ = {isa = PBXFileReference; lastKnownFileType = sourcecode.swift; path = "UIApplication+Extensions.swift"; sourceTree = "<group>"; };
		38C1209C1F736FAC00A4A9A4 /* UIColor+Extensions.swift */ = {isa = PBXFileReference; lastKnownFileType = sourcecode.swift; path = "UIColor+Extensions.swift"; sourceTree = "<group>"; };
		38C1209D1F736FAC00A4A9A4 /* UIView+AutoLayout.swift */ = {isa = PBXFileReference; lastKnownFileType = sourcecode.swift; path = "UIView+AutoLayout.swift"; sourceTree = "<group>"; };
		38C890D11FAE6C2800723F0D /* DynamicTabBarController.swift */ = {isa = PBXFileReference; fileEncoding = 4; lastKnownFileType = sourcecode.swift; path = DynamicTabBarController.swift; sourceTree = "<group>"; };
		38C890D21FAE6C2800723F0D /* DynamicTabBar.swift */ = {isa = PBXFileReference; fileEncoding = 4; lastKnownFileType = sourcecode.swift; path = DynamicTabBar.swift; sourceTree = "<group>"; };
		38C890D31FAE6C2900723F0D /* NSConstraintLayoutSet.swift */ = {isa = PBXFileReference; fileEncoding = 4; lastKnownFileType = sourcecode.swift; path = NSConstraintLayoutSet.swift; sourceTree = "<group>"; };
		38C890D41FAE6C2900723F0D /* DynamicTabBarItem.swift */ = {isa = PBXFileReference; fileEncoding = 4; lastKnownFileType = sourcecode.swift; path = DynamicTabBarItem.swift; sourceTree = "<group>"; };
		38F7C2521F736D92006C995A /* SafetyBeacon.app */ = {isa = PBXFileReference; explicitFileType = wrapper.application; includeInIndex = 0; path = SafetyBeacon.app; sourceTree = BUILT_PRODUCTS_DIR; };
		38F7C2551F736D92006C995A /* AppDelegate.swift */ = {isa = PBXFileReference; lastKnownFileType = sourcecode.swift; path = AppDelegate.swift; sourceTree = "<group>"; };
		38F7C2671F736D92006C995A /* SafetyZonesTests.swift */ = {isa = PBXFileReference; lastKnownFileType = sourcecode.swift; path = SafetyZonesTests.swift; sourceTree = "<group>"; };
		38F7C2691F736D93006C995A /* Info.plist */ = {isa = PBXFileReference; lastKnownFileType = text.plist.xml; path = Info.plist; sourceTree = "<group>"; };
		38F7C2781F736E36006C995A /* Base */ = {isa = PBXFileReference; lastKnownFileType = file.storyboard; name = Base; path = Base.lproj/LaunchScreen.storyboard; sourceTree = "<group>"; };
		38F7C2791F736E36006C995A /* Info.plist */ = {isa = PBXFileReference; lastKnownFileType = text.plist.xml; path = Info.plist; sourceTree = "<group>"; };
		38F7C27B1F736E37006C995A /* Assets.xcassets */ = {isa = PBXFileReference; lastKnownFileType = folder.assetcatalog; path = Assets.xcassets; sourceTree = "<group>"; };
		5D5100163DA4D68C4A0E9F36 /* Pods-SafetyBeacon.release.xcconfig */ = {isa = PBXFileReference; includeInIndex = 1; lastKnownFileType = text.xcconfig; name = "Pods-SafetyBeacon.release.xcconfig"; path = "Pods/Target Support Files/Pods-SafetyBeacon/Pods-SafetyBeacon.release.xcconfig"; sourceTree = "<group>"; };
		7CB55ED398553A1D330243CC /* Pods_SafetyBeaconTests.framework */ = {isa = PBXFileReference; explicitFileType = wrapper.framework; includeInIndex = 0; path = Pods_SafetyBeaconTests.framework; sourceTree = BUILT_PRODUCTS_DIR; };
		9324C7D4A6FA4E0E95079A40 /* Pods_SafetyBeacon.framework */ = {isa = PBXFileReference; explicitFileType = wrapper.framework; includeInIndex = 0; path = Pods_SafetyBeacon.framework; sourceTree = BUILT_PRODUCTS_DIR; };
		961FF6CE1FBD6E26006C7535 /* PatientBookmarksViewController.swift */ = {isa = PBXFileReference; lastKnownFileType = sourcecode.swift; path = PatientBookmarksViewController.swift; sourceTree = "<group>"; };
		96255D051FAE78990072F482 /* PatientLocationViewController.swift */ = {isa = PBXFileReference; lastKnownFileType = sourcecode.swift; path = PatientLocationViewController.swift; sourceTree = "<group>"; };
		966251881FCE936200E6528E /* SafeZonesTest.gpx */ = {isa = PBXFileReference; lastKnownFileType = text; path = SafeZonesTest.gpx; sourceTree = "<group>"; };
		968BCD101FC2446E00EAB598 /* CaretakerLocationViewController.swift */ = {isa = PBXFileReference; lastKnownFileType = sourcecode.swift; path = CaretakerLocationViewController.swift; sourceTree = "<group>"; };
		F38440B137C4743245CE70BD /* Pods-SafetyBeacon.debug.xcconfig */ = {isa = PBXFileReference; includeInIndex = 1; lastKnownFileType = text.xcconfig; name = "Pods-SafetyBeacon.debug.xcconfig"; path = "Pods/Target Support Files/Pods-SafetyBeacon/Pods-SafetyBeacon.debug.xcconfig"; sourceTree = "<group>"; };
/* End PBXFileReference section */

/* Begin PBXFrameworksBuildPhase section */
		38F7C24F1F736D92006C995A /* Frameworks */ = {
			isa = PBXFrameworksBuildPhase;
			buildActionMask = 2147483647;
			files = (
				785FFDF79C7B992CF2941605 /* Pods_SafetyBeacon.framework in Frameworks */,
			);
			runOnlyForDeploymentPostprocessing = 0;
		};
/* End PBXFrameworksBuildPhase section */

/* Begin PBXGroup section */
		06E3634347A854A3ADDCFED3 /* Pods */ = {
			isa = PBXGroup;
			children = (
				F38440B137C4743245CE70BD /* Pods-SafetyBeacon.debug.xcconfig */,
				5D5100163DA4D68C4A0E9F36 /* Pods-SafetyBeacon.release.xcconfig */,
			);
			name = Pods;
			sourceTree = "<group>";
		};
		384756BF1FCCE7A800FDA3E8 /* AR */ = {
			isa = PBXGroup;
			children = (
				384756C61FCCE7C700FDA3E8 /* ARViewController.swift */,
				384756C21FCCE7BF00FDA3E8 /* Annotation.swift */,
				384756C11FCCE7BF00FDA3E8 /* AnnotationManager.swift */,
				384756C01FCCE7BE00FDA3E8 /* MBARAnchor.swift */,
			);
			path = AR;
			sourceTree = "<group>";
		};
		38C1209A1F736FAC00A4A9A4 /* Extensions */ = {
			isa = PBXGroup;
			children = (
				38C1209B1F736FAC00A4A9A4 /* UIApplication+Extensions.swift */,
				38C1209C1F736FAC00A4A9A4 /* UIColor+Extensions.swift */,
				38C1209D1F736FAC00A4A9A4 /* UIView+AutoLayout.swift */,
			);
			path = Extensions;
			sourceTree = "<group>";
		};
		38C1209E1F736FAC00A4A9A4 /* Controllers */ = {
			isa = PBXGroup;
			children = (
				389E62F81F90992C005B39DA /* ContentController.swift */,
				38C890D91FAE6C2F00723F0D /* DynamicTabBarController */,
				385BA32F1F79BD38004B9061 /* LoginViewController.swift */,
				3869F5601FA2C00F00DC3CDC /* AccountSetupViewController.swift */,
				3847EEA71F79DD6000305761 /* MapViewController.swift */,
				389E62FA1F909A41005B39DA /* SettingsViewController.swift */,
				384756BF1FCCE7A800FDA3E8 /* AR */,
				38D8BAE41FC299E200BA3F76 /* Caretaker Controllers */,
				38D8BAE51FC299EE00BA3F76 /* Patient Controllers */,
			);
			path = Controllers;
			sourceTree = "<group>";
		};
		38C1209F1F736FAC00A4A9A4 /* Models */ = {
			isa = PBXGroup;
			children = (
				3892E9C11F79B460002E3AC2 /* LocationManager.swift */,
				385BA33E1F79C2A5004B9061 /* User.swift */,
			);
			path = Models;
			sourceTree = "<group>";
		};
		38C890D91FAE6C2F00723F0D /* DynamicTabBarController */ = {
			isa = PBXGroup;
			children = (
				38C890D21FAE6C2800723F0D /* DynamicTabBar.swift */,
				38C890D11FAE6C2800723F0D /* DynamicTabBarController.swift */,
				38C890D41FAE6C2900723F0D /* DynamicTabBarItem.swift */,
				38C890D31FAE6C2900723F0D /* NSConstraintLayoutSet.swift */,
			);
			path = DynamicTabBarController;
			sourceTree = "<group>";
		};
		38D8BAE41FC299E200BA3F76 /* Caretaker Controllers */ = {
			isa = PBXGroup;
			children = (
				3847EEAD1F79E02E00305761 /* CaretakerReportViewController.swift */,
				3847EEA91F79DFAF00305761 /* CaretakerBookmarksViewController.swift */,
				3810DA4D1F832AAC00B5180E /* CaretakerSafeZonesViewController.swift */,
				3847EEAF1F79E08700305761 /* CaretakerHistoryViewController.swift */,
				968BCD101FC2446E00EAB598 /* CaretakerLocationViewController.swift */,
			);
			path = "Caretaker Controllers";
			sourceTree = "<group>";
		};
		38D8BAE51FC299EE00BA3F76 /* Patient Controllers */ = {
			isa = PBXGroup;
			children = (
				961FF6CE1FBD6E26006C7535 /* PatientBookmarksViewController.swift */,
				96255D051FAE78990072F482 /* PatientLocationViewController.swift */,
				3810DA4B1F832A5300B5180E /* PatientMapViewController.swift */,
			);
			path = "Patient Controllers";
			sourceTree = "<group>";
		};
		38F7C2491F736D92006C995A = {
			isa = PBXGroup;
			children = (
				38F7C2541F736D92006C995A /* SafetyBeacon */,
				38F7C2661F736D92006C995A /* SafetyBeaconTests */,
				38F7C2531F736D92006C995A /* Products */,
				06E3634347A854A3ADDCFED3 /* Pods */,
				E25B197862D4FB6C8CF88B96 /* Frameworks */,
			);
			sourceTree = "<group>";
		};
		38F7C2531F736D92006C995A /* Products */ = {
			isa = PBXGroup;
			children = (
				38F7C2521F736D92006C995A /* SafetyBeacon.app */,
			);
			name = Products;
			sourceTree = "<group>";
		};
		38F7C2541F736D92006C995A /* SafetyBeacon */ = {
			isa = PBXGroup;
			children = (
				38F7C2551F736D92006C995A /* AppDelegate.swift */,
				38C1209E1F736FAC00A4A9A4 /* Controllers */,
				38C1209F1F736FAC00A4A9A4 /* Models */,
				38C1209A1F736FAC00A4A9A4 /* Extensions */,
				38F7C2761F736E36006C995A /* Supporting Files */,
				38F7C27A1F736E37006C995A /* Assets */,
			);
			path = SafetyBeacon;
			sourceTree = "<group>";
		};
		38F7C2661F736D92006C995A /* SafetyBeaconTests */ = {
			isa = PBXGroup;
			children = (
				38F7C2671F736D92006C995A /* SafetyZonesTests.swift */,
				38F7C2691F736D93006C995A /* Info.plist */,
				966251881FCE936200E6528E /* SafeZonesTest.gpx */,
			);
			path = SafetyBeaconTests;
			sourceTree = "<group>";
		};
		38F7C2761F736E36006C995A /* Supporting Files */ = {
			isa = PBXGroup;
			children = (
				3869F5621FA2D0F000DC3CDC /* ProgressHUD.swift */,
				38F7C2771F736E36006C995A /* LaunchScreen.storyboard */,
				3892E9BB1F78539F002E3AC2 /* Secrets.swift */,
				3892E9C31F79B5ED002E3AC2 /* Log.swift */,
				38B7DE801F9091AB0023E495 /* Style.swift */,
				3869F55E1FA2BA1200DC3CDC /* PushNotification.swift */,
				3869F55C1FA2BA0C00DC3CDC /* Constants.swift */,
				38F7C2791F736E36006C995A /* Info.plist */,
				3869F55A1FA2B58F00DC3CDC /* Pods-SafetyBeacon-acknowledgements.plist */,
			);
			path = "Supporting Files";
			sourceTree = "<group>";
		};
		38F7C27A1F736E37006C995A /* Assets */ = {
			isa = PBXGroup;
			children = (
				384756C81FCCE7D000FDA3E8 /* art.scnassets */,
				38F7C27B1F736E37006C995A /* Assets.xcassets */,
			);
			path = Assets;
			sourceTree = "<group>";
		};
		E25B197862D4FB6C8CF88B96 /* Frameworks */ = {
			isa = PBXGroup;
			children = (
				9324C7D4A6FA4E0E95079A40 /* Pods_SafetyBeacon.framework */,
				7CB55ED398553A1D330243CC /* Pods_SafetyBeaconTests.framework */,
			);
			name = Frameworks;
			sourceTree = "<group>";
		};
/* End PBXGroup section */

/* Begin PBXNativeTarget section */
		38F7C2511F736D92006C995A /* SafetyBeacon */ = {
			isa = PBXNativeTarget;
			buildConfigurationList = 38F7C26C1F736D93006C995A /* Build configuration list for PBXNativeTarget "SafetyBeacon" */;
			buildPhases = (
				33FDC41455464A4328588288 /* [CP] Check Pods Manifest.lock */,
				38F7C24E1F736D92006C995A /* Sources */,
				38F7C24F1F736D92006C995A /* Frameworks */,
				38F7C2501F736D92006C995A /* Resources */,
				806B2B4472570DC3FD6248F2 /* [CP] Embed Pods Frameworks */,
				B72BDD2C414195C29A8F4C47 /* [CP] Copy Pods Resources */,
				38F30C941F9591A400F5CFB6 /* Fabric */,
			);
			buildRules = (
			);
			dependencies = (
			);
			name = SafetyBeacon;
			productName = SafetyTracker;
			productReference = 38F7C2521F736D92006C995A /* SafetyBeacon.app */;
			productType = "com.apple.product-type.application";
		};
/* End PBXNativeTarget section */

/* Begin PBXProject section */
		38F7C24A1F736D92006C995A /* Project object */ = {
			isa = PBXProject;
			attributes = {
				LastSwiftUpdateCheck = 0900;
				LastUpgradeCheck = 0900;
				ORGANIZATIONNAME = "Nathan Tannar";
				TargetAttributes = {
					38F7C2511F736D92006C995A = {
						CreatedOnToolsVersion = 9.0;
						ProvisioningStyle = Automatic;
						SystemCapabilities = {
							com.apple.BackgroundModes = {
								enabled = 1;
							};
						};
					};
				};
			};
			buildConfigurationList = 38F7C24D1F736D92006C995A /* Build configuration list for PBXProject "SafetyBeacon" */;
			compatibilityVersion = "Xcode 8.0";
			developmentRegion = en;
			hasScannedForEncodings = 0;
			knownRegions = (
				en,
				Base,
			);
			mainGroup = 38F7C2491F736D92006C995A;
			productRefGroup = 38F7C2531F736D92006C995A /* Products */;
			projectDirPath = "";
			projectRoot = "";
			targets = (
				38F7C2511F736D92006C995A /* SafetyBeacon */,
			);
		};
/* End PBXProject section */

/* Begin PBXResourcesBuildPhase section */
		38F7C2501F736D92006C995A /* Resources */ = {
			isa = PBXResourcesBuildPhase;
			buildActionMask = 2147483647;
			files = (
				38F7C2801F736EC5006C995A /* Assets.xcassets in Resources */,
				384756C91FCCE7D100FDA3E8 /* art.scnassets in Resources */,
				38F7C27E1F736EC0006C995A /* LaunchScreen.storyboard in Resources */,
				3869F55B1FA2B58F00DC3CDC /* Pods-SafetyBeacon-acknowledgements.plist in Resources */,
				966251891FCE936200E6528E /* SafeZonesTest.gpx in Resources */,
			);
			runOnlyForDeploymentPostprocessing = 0;
		};
/* End PBXResourcesBuildPhase section */

/* Begin PBXShellScriptBuildPhase section */
		33FDC41455464A4328588288 /* [CP] Check Pods Manifest.lock */ = {
			isa = PBXShellScriptBuildPhase;
			buildActionMask = 2147483647;
			files = (
			);
			inputPaths = (
				"${PODS_PODFILE_DIR_PATH}/Podfile.lock",
				"${PODS_ROOT}/Manifest.lock",
			);
			name = "[CP] Check Pods Manifest.lock";
			outputPaths = (
				"$(DERIVED_FILE_DIR)/Pods-SafetyBeacon-checkManifestLockResult.txt",
			);
			runOnlyForDeploymentPostprocessing = 0;
			shellPath = /bin/sh;
			shellScript = "diff \"${PODS_PODFILE_DIR_PATH}/Podfile.lock\" \"${PODS_ROOT}/Manifest.lock\" > /dev/null\nif [ $? != 0 ] ; then\n    # print error to STDERR\n    echo \"error: The sandbox is not in sync with the Podfile.lock. Run 'pod install' or update your CocoaPods installation.\" >&2\n    exit 1\nfi\n# This output is used by Xcode 'outputs' to avoid re-running this script phase.\necho \"SUCCESS\" > \"${SCRIPT_OUTPUT_FILE_0}\"\n";
			showEnvVarsInLog = 0;
		};
		38F30C941F9591A400F5CFB6 /* Fabric */ = {
			isa = PBXShellScriptBuildPhase;
			buildActionMask = 2147483647;
			files = (
			);
			inputPaths = (
			);
			name = Fabric;
			outputPaths = (
			);
			runOnlyForDeploymentPostprocessing = 0;
			shellPath = /bin/sh;
			shellScript = "\"${PODS_ROOT}/Fabric/run\" 6601a9daf93e6ae4295ec2c007b03b243b506b53 57937a4c5fa0d5fdb1e070b87dece554496c31480a38e01b8435948017c06144";
		};
		806B2B4472570DC3FD6248F2 /* [CP] Embed Pods Frameworks */ = {
			isa = PBXShellScriptBuildPhase;
			buildActionMask = 2147483647;
			files = (
			);
			inputPaths = (
				"${SRCROOT}/Pods/Target Support Files/Pods-SafetyBeacon/Pods-SafetyBeacon-frameworks.sh",
				"${BUILT_PRODUCTS_DIR}/ARCL/ARCL.framework",
				"${BUILT_PRODUCTS_DIR}/AWSCore/AWSCore.framework",
				"${BUILT_PRODUCTS_DIR}/AWSPolly/AWSPolly.framework",
				"${BUILT_PRODUCTS_DIR}/AcknowList/AcknowList.framework",
				"${BUILT_PRODUCTS_DIR}/Bolts/Bolts.framework",
				"${BUILT_PRODUCTS_DIR}/DateTimePicker/DateTimePicker.framework",
				"${PODS_ROOT}/Mapbox-iOS-SDK/dynamic/Mapbox.framework",
				"${PODS_ROOT}/Mapbox-iOS-SDK/dynamic/Mapbox.framework.dSYM",
				"${BUILT_PRODUCTS_DIR}/MapboxARKit/MapboxARKit.framework",
				"${BUILT_PRODUCTS_DIR}/MapboxCoreNavigation/MapboxCoreNavigation.framework",
				"${BUILT_PRODUCTS_DIR}/MapboxDirections.swift/MapboxDirections.framework",
				"${BUILT_PRODUCTS_DIR}/MapboxMobileEvents/MapboxMobileEvents.framework",
				"${BUILT_PRODUCTS_DIR}/MapboxNavigation/MapboxNavigation.framework",
				"${BUILT_PRODUCTS_DIR}/NTComponents/NTComponents.framework",
				"${BUILT_PRODUCTS_DIR}/OSRMTextInstructions/OSRMTextInstructions.framework",
				"${BUILT_PRODUCTS_DIR}/Parse/Parse.framework",
				"${BUILT_PRODUCTS_DIR}/Polyline/Polyline.framework",
				"${BUILT_PRODUCTS_DIR}/SDWebImage/SDWebImage.framework",
				"${BUILT_PRODUCTS_DIR}/Solar/Solar.framework",
				"${BUILT_PRODUCTS_DIR}/Turf/Turf.framework",
				"${BUILT_PRODUCTS_DIR}/WhatsNew/WhatsNew.framework",
			);
			name = "[CP] Embed Pods Frameworks";
			outputPaths = (
				"${TARGET_BUILD_DIR}/${FRAMEWORKS_FOLDER_PATH}/ARCL.framework",
				"${TARGET_BUILD_DIR}/${FRAMEWORKS_FOLDER_PATH}/AWSCore.framework",
				"${TARGET_BUILD_DIR}/${FRAMEWORKS_FOLDER_PATH}/AWSPolly.framework",
				"${TARGET_BUILD_DIR}/${FRAMEWORKS_FOLDER_PATH}/AcknowList.framework",
				"${TARGET_BUILD_DIR}/${FRAMEWORKS_FOLDER_PATH}/Bolts.framework",
				"${TARGET_BUILD_DIR}/${FRAMEWORKS_FOLDER_PATH}/DateTimePicker.framework",
				"${TARGET_BUILD_DIR}/${FRAMEWORKS_FOLDER_PATH}/Mapbox.framework",
				"${DWARF_DSYM_FOLDER_PATH}/Mapbox.framework.dSYM",
				"${TARGET_BUILD_DIR}/${FRAMEWORKS_FOLDER_PATH}/MapboxARKit.framework",
				"${TARGET_BUILD_DIR}/${FRAMEWORKS_FOLDER_PATH}/MapboxCoreNavigation.framework",
				"${TARGET_BUILD_DIR}/${FRAMEWORKS_FOLDER_PATH}/MapboxDirections.framework",
				"${TARGET_BUILD_DIR}/${FRAMEWORKS_FOLDER_PATH}/MapboxMobileEvents.framework",
				"${TARGET_BUILD_DIR}/${FRAMEWORKS_FOLDER_PATH}/MapboxNavigation.framework",
				"${TARGET_BUILD_DIR}/${FRAMEWORKS_FOLDER_PATH}/NTComponents.framework",
				"${TARGET_BUILD_DIR}/${FRAMEWORKS_FOLDER_PATH}/OSRMTextInstructions.framework",
				"${TARGET_BUILD_DIR}/${FRAMEWORKS_FOLDER_PATH}/Parse.framework",
				"${TARGET_BUILD_DIR}/${FRAMEWORKS_FOLDER_PATH}/Polyline.framework",
				"${TARGET_BUILD_DIR}/${FRAMEWORKS_FOLDER_PATH}/SDWebImage.framework",
				"${TARGET_BUILD_DIR}/${FRAMEWORKS_FOLDER_PATH}/Solar.framework",
				"${TARGET_BUILD_DIR}/${FRAMEWORKS_FOLDER_PATH}/Turf.framework",
				"${TARGET_BUILD_DIR}/${FRAMEWORKS_FOLDER_PATH}/WhatsNew.framework",
			);
			runOnlyForDeploymentPostprocessing = 0;
			shellPath = /bin/sh;
			shellScript = "\"${SRCROOT}/Pods/Target Support Files/Pods-SafetyBeacon/Pods-SafetyBeacon-frameworks.sh\"\n";
			showEnvVarsInLog = 0;
		};
		B72BDD2C414195C29A8F4C47 /* [CP] Copy Pods Resources */ = {
			isa = PBXShellScriptBuildPhase;
			buildActionMask = 2147483647;
			files = (
			);
			inputPaths = (
			);
			name = "[CP] Copy Pods Resources";
			outputPaths = (
			);
			runOnlyForDeploymentPostprocessing = 0;
			shellPath = /bin/sh;
			shellScript = "\"${SRCROOT}/Pods/Target Support Files/Pods-SafetyBeacon/Pods-SafetyBeacon-resources.sh\"\n";
			showEnvVarsInLog = 0;
		};
/* End PBXShellScriptBuildPhase section */

/* Begin PBXSourcesBuildPhase section */
		38F7C24E1F736D92006C995A /* Sources */ = {
			isa = PBXSourcesBuildPhase;
			buildActionMask = 2147483647;
			files = (
				385BA3331F79BE2E004B9061 /* UIApplication+Extensions.swift in Sources */,
				38B7DE811F9091AB0023E495 /* Style.swift in Sources */,
				38C890D71FAE6C2900723F0D /* NSConstraintLayoutSet.swift in Sources */,
				3869F55F1FA2BA1200DC3CDC /* PushNotification.swift in Sources */,
				38C890D81FAE6C2900723F0D /* DynamicTabBarItem.swift in Sources */,
				389E62FB1F909A41005B39DA /* SettingsViewController.swift in Sources */,
				384756C51FCCE7BF00FDA3E8 /* Annotation.swift in Sources */,
				3810DA4E1F832AAC00B5180E /* CaretakerSafeZonesViewController.swift in Sources */,
				3847EEAE1F79E02E00305761 /* CaretakerReportViewController.swift in Sources */,
				38C890D51FAE6C2900723F0D /* DynamicTabBarController.swift in Sources */,
				38F7C2561F736D92006C995A /* AppDelegate.swift in Sources */,
				385BA3321F79BE2C004B9061 /* UIColor+Extensions.swift in Sources */,
				3810DA4C1F832A5300B5180E /* PatientMapViewController.swift in Sources */,
				96255D061FAE78990072F482 /* PatientLocationViewController.swift in Sources */,
				3847EEA81F79DD6000305761 /* MapViewController.swift in Sources */,
				384756C71FCCE7C700FDA3E8 /* ARViewController.swift in Sources */,
				389E62F91F90992C005B39DA /* ContentController.swift in Sources */,
				385BA3311F79BE2A004B9061 /* UIView+AutoLayout.swift in Sources */,
				3847EEB01F79E08700305761 /* CaretakerHistoryViewController.swift in Sources */,
				3892E9BC1F78539F002E3AC2 /* Secrets.swift in Sources */,
				3869F5611FA2C00F00DC3CDC /* AccountSetupViewController.swift in Sources */,
				3847EEAA1F79DFAF00305761 /* CaretakerBookmarksViewController.swift in Sources */,
				3892E9C41F79B5ED002E3AC2 /* Log.swift in Sources */,
				385BA3301F79BD38004B9061 /* LoginViewController.swift in Sources */,
				3869F5631FA2D0F600DC3CDC /* ProgressHUD.swift in Sources */,
				3892E9C21F79B460002E3AC2 /* LocationManager.swift in Sources */,
				38C890D61FAE6C2900723F0D /* DynamicTabBar.swift in Sources */,
				968BCD111FC2446E00EAB598 /* CaretakerLocationViewController.swift in Sources */,
				385BA33F1F79C2A5004B9061 /* User.swift in Sources */,
				961FF6CF1FBD6E26006C7535 /* PatientBookmarksViewController.swift in Sources */,
				384756C41FCCE7BF00FDA3E8 /* AnnotationManager.swift in Sources */,
				384756C31FCCE7BF00FDA3E8 /* MBARAnchor.swift in Sources */,
				3869F55D1FA2BA0D00DC3CDC /* Constants.swift in Sources */,
			);
			runOnlyForDeploymentPostprocessing = 0;
		};
/* End PBXSourcesBuildPhase section */

/* Begin PBXVariantGroup section */
		38F7C2771F736E36006C995A /* LaunchScreen.storyboard */ = {
			isa = PBXVariantGroup;
			children = (
				38F7C2781F736E36006C995A /* Base */,
			);
			name = LaunchScreen.storyboard;
			sourceTree = "<group>";
		};
/* End PBXVariantGroup section */

/* Begin XCBuildConfiguration section */
		38F7C26A1F736D93006C995A /* Debug */ = {
			isa = XCBuildConfiguration;
			buildSettings = {
				ALWAYS_SEARCH_USER_PATHS = NO;
				CLANG_ANALYZER_NONNULL = YES;
				CLANG_ANALYZER_NUMBER_OBJECT_CONVERSION = YES_AGGRESSIVE;
				CLANG_CXX_LANGUAGE_STANDARD = "gnu++14";
				CLANG_CXX_LIBRARY = "libc++";
				CLANG_ENABLE_MODULES = YES;
				CLANG_ENABLE_OBJC_ARC = YES;
				CLANG_WARN_BLOCK_CAPTURE_AUTORELEASING = YES;
				CLANG_WARN_BOOL_CONVERSION = YES;
				CLANG_WARN_COMMA = YES;
				CLANG_WARN_CONSTANT_CONVERSION = YES;
				CLANG_WARN_DIRECT_OBJC_ISA_USAGE = YES_ERROR;
				CLANG_WARN_DOCUMENTATION_COMMENTS = YES;
				CLANG_WARN_EMPTY_BODY = YES;
				CLANG_WARN_ENUM_CONVERSION = YES;
				CLANG_WARN_INFINITE_RECURSION = YES;
				CLANG_WARN_INT_CONVERSION = YES;
				CLANG_WARN_NON_LITERAL_NULL_CONVERSION = YES;
				CLANG_WARN_OBJC_LITERAL_CONVERSION = YES;
				CLANG_WARN_OBJC_ROOT_CLASS = YES_ERROR;
				CLANG_WARN_RANGE_LOOP_ANALYSIS = YES;
				CLANG_WARN_STRICT_PROTOTYPES = YES;
				CLANG_WARN_SUSPICIOUS_MOVE = YES;
				CLANG_WARN_UNGUARDED_AVAILABILITY = YES_AGGRESSIVE;
				CLANG_WARN_UNREACHABLE_CODE = YES;
				CLANG_WARN__DUPLICATE_METHOD_MATCH = YES;
				CODE_SIGN_IDENTITY = "iPhone Developer";
				COPY_PHASE_STRIP = NO;
				DEBUG_INFORMATION_FORMAT = dwarf;
				ENABLE_STRICT_OBJC_MSGSEND = YES;
				ENABLE_TESTABILITY = YES;
				GCC_C_LANGUAGE_STANDARD = gnu11;
				GCC_DYNAMIC_NO_PIC = NO;
				GCC_NO_COMMON_BLOCKS = YES;
				GCC_OPTIMIZATION_LEVEL = 0;
				GCC_PREPROCESSOR_DEFINITIONS = (
					"DEBUG=1",
					"$(inherited)",
				);
				GCC_WARN_64_TO_32_BIT_CONVERSION = YES;
				GCC_WARN_ABOUT_RETURN_TYPE = YES_ERROR;
				GCC_WARN_UNDECLARED_SELECTOR = YES;
				GCC_WARN_UNINITIALIZED_AUTOS = YES_AGGRESSIVE;
				GCC_WARN_UNUSED_FUNCTION = YES;
				GCC_WARN_UNUSED_VARIABLE = YES;
				IPHONEOS_DEPLOYMENT_TARGET = 11.0;
				MTL_ENABLE_DEBUG_INFO = YES;
				ONLY_ACTIVE_ARCH = YES;
				SDKROOT = iphoneos;
				SWIFT_ACTIVE_COMPILATION_CONDITIONS = DEBUG;
				SWIFT_OPTIMIZATION_LEVEL = "-Onone";
			};
			name = Debug;
		};
		38F7C26B1F736D93006C995A /* Release */ = {
			isa = XCBuildConfiguration;
			buildSettings = {
				ALWAYS_SEARCH_USER_PATHS = NO;
				CLANG_ANALYZER_NONNULL = YES;
				CLANG_ANALYZER_NUMBER_OBJECT_CONVERSION = YES_AGGRESSIVE;
				CLANG_CXX_LANGUAGE_STANDARD = "gnu++14";
				CLANG_CXX_LIBRARY = "libc++";
				CLANG_ENABLE_MODULES = YES;
				CLANG_ENABLE_OBJC_ARC = YES;
				CLANG_WARN_BLOCK_CAPTURE_AUTORELEASING = YES;
				CLANG_WARN_BOOL_CONVERSION = YES;
				CLANG_WARN_COMMA = YES;
				CLANG_WARN_CONSTANT_CONVERSION = YES;
				CLANG_WARN_DIRECT_OBJC_ISA_USAGE = YES_ERROR;
				CLANG_WARN_DOCUMENTATION_COMMENTS = YES;
				CLANG_WARN_EMPTY_BODY = YES;
				CLANG_WARN_ENUM_CONVERSION = YES;
				CLANG_WARN_INFINITE_RECURSION = YES;
				CLANG_WARN_INT_CONVERSION = YES;
				CLANG_WARN_NON_LITERAL_NULL_CONVERSION = YES;
				CLANG_WARN_OBJC_LITERAL_CONVERSION = YES;
				CLANG_WARN_OBJC_ROOT_CLASS = YES_ERROR;
				CLANG_WARN_RANGE_LOOP_ANALYSIS = YES;
				CLANG_WARN_STRICT_PROTOTYPES = YES;
				CLANG_WARN_SUSPICIOUS_MOVE = YES;
				CLANG_WARN_UNGUARDED_AVAILABILITY = YES_AGGRESSIVE;
				CLANG_WARN_UNREACHABLE_CODE = YES;
				CLANG_WARN__DUPLICATE_METHOD_MATCH = YES;
				CODE_SIGN_IDENTITY = "iPhone Developer";
				COPY_PHASE_STRIP = NO;
				DEBUG_INFORMATION_FORMAT = "dwarf-with-dsym";
				ENABLE_NS_ASSERTIONS = NO;
				ENABLE_STRICT_OBJC_MSGSEND = YES;
				GCC_C_LANGUAGE_STANDARD = gnu11;
				GCC_NO_COMMON_BLOCKS = YES;
				GCC_WARN_64_TO_32_BIT_CONVERSION = YES;
				GCC_WARN_ABOUT_RETURN_TYPE = YES_ERROR;
				GCC_WARN_UNDECLARED_SELECTOR = YES;
				GCC_WARN_UNINITIALIZED_AUTOS = YES_AGGRESSIVE;
				GCC_WARN_UNUSED_FUNCTION = YES;
				GCC_WARN_UNUSED_VARIABLE = YES;
				IPHONEOS_DEPLOYMENT_TARGET = 11.0;
				MTL_ENABLE_DEBUG_INFO = NO;
				SDKROOT = iphoneos;
				SWIFT_OPTIMIZATION_LEVEL = "-Owholemodule";
				VALIDATE_PRODUCT = YES;
			};
			name = Release;
		};
		38F7C26D1F736D93006C995A /* Debug */ = {
			isa = XCBuildConfiguration;
			baseConfigurationReference = F38440B137C4743245CE70BD /* Pods-SafetyBeacon.debug.xcconfig */;
			buildSettings = {
				ASSETCATALOG_COMPILER_APPICON_NAME = AppIcon;
				CODE_SIGN_STYLE = Automatic;
				DEVELOPMENT_TEAM = JH5XJ55XGZ;
				INFOPLIST_FILE = "$(SRCROOT)/SafetyBeacon/Supporting Files/Info.plist";
				LD_RUNPATH_SEARCH_PATHS = "$(inherited) @executable_path/Frameworks";
				PRODUCT_BUNDLE_IDENTIFIER = me.nathantannar.cmpt275.SafetyBeacon;
				PRODUCT_NAME = "$(TARGET_NAME)";
				SWIFT_VERSION = 4.0;
				TARGETED_DEVICE_FAMILY = "1,2";
			};
			name = Debug;
		};
		38F7C26E1F736D93006C995A /* Release */ = {
			isa = XCBuildConfiguration;
			baseConfigurationReference = 5D5100163DA4D68C4A0E9F36 /* Pods-SafetyBeacon.release.xcconfig */;
			buildSettings = {
				ASSETCATALOG_COMPILER_APPICON_NAME = AppIcon;
				CODE_SIGN_STYLE = Automatic;
				DEVELOPMENT_TEAM = JH5XJ55XGZ;
				INFOPLIST_FILE = "$(SRCROOT)/SafetyBeacon/Supporting Files/Info.plist";
				LD_RUNPATH_SEARCH_PATHS = "$(inherited) @executable_path/Frameworks";
				PRODUCT_BUNDLE_IDENTIFIER = me.nathantannar.cmpt275.SafetyBeacon;
				PRODUCT_NAME = "$(TARGET_NAME)";
				SWIFT_VERSION = 4.0;
				TARGETED_DEVICE_FAMILY = "1,2";
			};
			name = Release;
		};
/* End XCBuildConfiguration section */

/* Begin XCConfigurationList section */
		38F7C24D1F736D92006C995A /* Build configuration list for PBXProject "SafetyBeacon" */ = {
			isa = XCConfigurationList;
			buildConfigurations = (
				38F7C26A1F736D93006C995A /* Debug */,
				38F7C26B1F736D93006C995A /* Release */,
			);
			defaultConfigurationIsVisible = 0;
			defaultConfigurationName = Release;
		};
		38F7C26C1F736D93006C995A /* Build configuration list for PBXNativeTarget "SafetyBeacon" */ = {
			isa = XCConfigurationList;
			buildConfigurations = (
				38F7C26D1F736D93006C995A /* Debug */,
				38F7C26E1F736D93006C995A /* Release */,
			);
			defaultConfigurationIsVisible = 0;
			defaultConfigurationName = Release;
		};
/* End XCConfigurationList section */
	};
	rootObject = 38F7C24A1F736D92006C995A /* Project object */;
}
