// !$*UTF8*$!
{
	archiveVersion = 1;
	classes = {
	};
	objectVersion = 48;
	objects = {

/* Begin PBXBuildFile section */
		38F7C2111F722A89006C995A /* AppDelegate.swift in Sources */ = {isa = PBXBuildFile; fileRef = 38F7C2101F722A89006C995A /* AppDelegate.swift */; };
		38F7C2231F722A89006C995A /* Know_Your_FamilyTests.swift in Sources */ = {isa = PBXBuildFile; fileRef = 38F7C2221F722A89006C995A /* Know_Your_FamilyTests.swift */; };
		38F7C2381F722BD6006C995A /* ViewController.swift in Sources */ = {isa = PBXBuildFile; fileRef = 38F7C2361F722B8B006C995A /* ViewController.swift */; };
		38F7C2391F722BDC006C995A /* LaunchScreen.storyboard in Resources */ = {isa = PBXBuildFile; fileRef = 38F7C2321F722B8B006C995A /* LaunchScreen.storyboard */; };
/* End PBXBuildFile section */

/* Begin PBXContainerItemProxy section */
		38F7C21F1F722A89006C995A /* PBXContainerItemProxy */ = {
			isa = PBXContainerItemProxy;
			containerPortal = 38F7C2051F722A89006C995A /* Project object */;
			proxyType = 1;
			remoteGlobalIDString = 38F7C20C1F722A89006C995A;
			remoteInfo = "Know Your Family";
		};
/* End PBXContainerItemProxy section */

/* Begin PBXFileReference section */
		38F7C20D1F722A89006C995A /* Know Your Family.app */ = {isa = PBXFileReference; explicitFileType = wrapper.application; includeInIndex = 0; path = "Know Your Family.app"; sourceTree = BUILT_PRODUCTS_DIR; };
		38F7C2101F722A89006C995A /* AppDelegate.swift */ = {isa = PBXFileReference; lastKnownFileType = sourcecode.swift; path = AppDelegate.swift; sourceTree = "<group>"; };
		38F7C21E1F722A89006C995A /* Know Your FamilyTests.xctest */ = {isa = PBXFileReference; explicitFileType = wrapper.cfbundle; includeInIndex = 0; path = "Know Your FamilyTests.xctest"; sourceTree = BUILT_PRODUCTS_DIR; };
		38F7C2221F722A89006C995A /* Know_Your_FamilyTests.swift */ = {isa = PBXFileReference; lastKnownFileType = sourcecode.swift; path = Know_Your_FamilyTests.swift; sourceTree = "<group>"; };
		38F7C2241F722A89006C995A /* Info.plist */ = {isa = PBXFileReference; lastKnownFileType = text.plist.xml; path = Info.plist; sourceTree = "<group>"; };
		38F7C2301F722B8B006C995A /* Assets.xcassets */ = {isa = PBXFileReference; lastKnownFileType = folder.assetcatalog; path = Assets.xcassets; sourceTree = "<group>"; };
		38F7C2331F722B8B006C995A /* Base */ = {isa = PBXFileReference; lastKnownFileType = file.storyboard; name = Base; path = Base.lproj/LaunchScreen.storyboard; sourceTree = "<group>"; };
		38F7C2341F722B8B006C995A /* Info.plist */ = {isa = PBXFileReference; lastKnownFileType = text.plist.xml; path = Info.plist; sourceTree = "<group>"; };
		38F7C2361F722B8B006C995A /* ViewController.swift */ = {isa = PBXFileReference; lastKnownFileType = sourcecode.swift; path = ViewController.swift; sourceTree = "<group>"; };
/* End PBXFileReference section */

/* Begin PBXFrameworksBuildPhase section */
		38F7C20A1F722A89006C995A /* Frameworks */ = {
			isa = PBXFrameworksBuildPhase;
			buildActionMask = 2147483647;
			files = (
			);
			runOnlyForDeploymentPostprocessing = 0;
		};
		38F7C21B1F722A89006C995A /* Frameworks */ = {
			isa = PBXFrameworksBuildPhase;
			buildActionMask = 2147483647;
			files = (
			);
			runOnlyForDeploymentPostprocessing = 0;
		};
/* End PBXFrameworksBuildPhase section */

/* Begin PBXGroup section */
		38F7C2041F722A89006C995A = {
			isa = PBXGroup;
			children = (
				38F7C20F1F722A89006C995A /* Know Your Family */,
				38F7C2211F722A89006C995A /* Know Your FamilyTests */,
				38F7C20E1F722A89006C995A /* Products */,
			);
			sourceTree = "<group>";
		};
		38F7C20E1F722A89006C995A /* Products */ = {
			isa = PBXGroup;
			children = (
				38F7C20D1F722A89006C995A /* Know Your Family.app */,
				38F7C21E1F722A89006C995A /* Know Your FamilyTests.xctest */,
			);
			name = Products;
			sourceTree = "<group>";
		};
		38F7C20F1F722A89006C995A /* Know Your Family */ = {
			isa = PBXGroup;
			children = (
				38F7C2101F722A89006C995A /* AppDelegate.swift */,
				38F7C22F1F722B8B006C995A /* Assets */,
				38F7C2371F722B8B006C995A /* Models */,
				38F7C22D1F722B8B006C995A /* Views */,
				38F7C2351F722B8B006C995A /* Controllers */,
				38F7C22E1F722B8B006C995A /* Extensions */,
				38F7C2311F722B8B006C995A /* Supporting Files */,
			);
			path = "Know Your Family";
			sourceTree = "<group>";
		};
		38F7C2211F722A89006C995A /* Know Your FamilyTests */ = {
			isa = PBXGroup;
			children = (
				38F7C2221F722A89006C995A /* Know_Your_FamilyTests.swift */,
				38F7C2241F722A89006C995A /* Info.plist */,
			);
			path = "Know Your FamilyTests";
			sourceTree = "<group>";
		};
		38F7C22D1F722B8B006C995A /* Views */ = {
			isa = PBXGroup;
			children = (
			);
			path = Views;
			sourceTree = "<group>";
		};
		38F7C22E1F722B8B006C995A /* Extensions */ = {
			isa = PBXGroup;
			children = (
			);
			path = Extensions;
			sourceTree = "<group>";
		};
		38F7C22F1F722B8B006C995A /* Assets */ = {
			isa = PBXGroup;
			children = (
				38F7C2301F722B8B006C995A /* Assets.xcassets */,
			);
			path = Assets;
			sourceTree = "<group>";
		};
		38F7C2311F722B8B006C995A /* Supporting Files */ = {
			isa = PBXGroup;
			children = (
				38F7C2321F722B8B006C995A /* LaunchScreen.storyboard */,
				38F7C2341F722B8B006C995A /* Info.plist */,
			);
			path = "Supporting Files";
			sourceTree = "<group>";
		};
		38F7C2351F722B8B006C995A /* Controllers */ = {
			isa = PBXGroup;
			children = (
				38F7C2361F722B8B006C995A /* ViewController.swift */,
			);
			path = Controllers;
			sourceTree = "<group>";
		};
		38F7C2371F722B8B006C995A /* Models */ = {
			isa = PBXGroup;
			children = (
			);
			path = Models;
			sourceTree = "<group>";
		};
/* End PBXGroup section */

/* Begin PBXNativeTarget section */
		38F7C20C1F722A89006C995A /* Know Your Family */ = {
			isa = PBXNativeTarget;
			buildConfigurationList = 38F7C2271F722A89006C995A /* Build configuration list for PBXNativeTarget "Know Your Family" */;
			buildPhases = (
				38F7C2091F722A89006C995A /* Sources */,
				38F7C20A1F722A89006C995A /* Frameworks */,
				38F7C20B1F722A89006C995A /* Resources */,
			);
			buildRules = (
			);
			dependencies = (
			);
			name = "Know Your Family";
			productName = "Know Your Family";
			productReference = 38F7C20D1F722A89006C995A /* Know Your Family.app */;
			productType = "com.apple.product-type.application";
		};
		38F7C21D1F722A89006C995A /* Know Your FamilyTests */ = {
			isa = PBXNativeTarget;
			buildConfigurationList = 38F7C22A1F722A89006C995A /* Build configuration list for PBXNativeTarget "Know Your FamilyTests" */;
			buildPhases = (
				38F7C21A1F722A89006C995A /* Sources */,
				38F7C21B1F722A89006C995A /* Frameworks */,
				38F7C21C1F722A89006C995A /* Resources */,
			);
			buildRules = (
			);
			dependencies = (
				38F7C2201F722A89006C995A /* PBXTargetDependency */,
			);
			name = "Know Your FamilyTests";
			productName = "Know Your FamilyTests";
			productReference = 38F7C21E1F722A89006C995A /* Know Your FamilyTests.xctest */;
			productType = "com.apple.product-type.bundle.unit-test";
		};
/* End PBXNativeTarget section */

/* Begin PBXProject section */
		38F7C2051F722A89006C995A /* Project object */ = {
			isa = PBXProject;
			attributes = {
				LastSwiftUpdateCheck = 0900;
				LastUpgradeCheck = 0900;
				ORGANIZATIONNAME = "Nathan Tannar";
				TargetAttributes = {
					38F7C20C1F722A89006C995A = {
						CreatedOnToolsVersion = 9.0;
						ProvisioningStyle = Automatic;
					};
					38F7C21D1F722A89006C995A = {
						CreatedOnToolsVersion = 9.0;
						ProvisioningStyle = Automatic;
						TestTargetID = 38F7C20C1F722A89006C995A;
					};
				};
			};
			buildConfigurationList = 38F7C2081F722A89006C995A /* Build configuration list for PBXProject "Know Your Family" */;
			compatibilityVersion = "Xcode 8.0";
			developmentRegion = en;
			hasScannedForEncodings = 0;
			knownRegions = (
				en,
				Base,
			);
			mainGroup = 38F7C2041F722A89006C995A;
			productRefGroup = 38F7C20E1F722A89006C995A /* Products */;
			projectDirPath = "";
			projectRoot = "";
			targets = (
				38F7C20C1F722A89006C995A /* Know Your Family */,
				38F7C21D1F722A89006C995A /* Know Your FamilyTests */,
			);
		};
/* End PBXProject section */

/* Begin PBXResourcesBuildPhase section */
		38F7C20B1F722A89006C995A /* Resources */ = {
			isa = PBXResourcesBuildPhase;
			buildActionMask = 2147483647;
			files = (
				38F7C2391F722BDC006C995A /* LaunchScreen.storyboard in Resources */,
			);
			runOnlyForDeploymentPostprocessing = 0;
		};
		38F7C21C1F722A89006C995A /* Resources */ = {
			isa = PBXResourcesBuildPhase;
			buildActionMask = 2147483647;
			files = (
			);
			runOnlyForDeploymentPostprocessing = 0;
		};
/* End PBXResourcesBuildPhase section */

/* Begin PBXSourcesBuildPhase section */
		38F7C2091F722A89006C995A /* Sources */ = {
			isa = PBXSourcesBuildPhase;
			buildActionMask = 2147483647;
			files = (
				38F7C2381F722BD6006C995A /* ViewController.swift in Sources */,
				38F7C2111F722A89006C995A /* AppDelegate.swift in Sources */,
			);
			runOnlyForDeploymentPostprocessing = 0;
		};
		38F7C21A1F722A89006C995A /* Sources */ = {
			isa = PBXSourcesBuildPhase;
			buildActionMask = 2147483647;
			files = (
				38F7C2231F722A89006C995A /* Know_Your_FamilyTests.swift in Sources */,
			);
			runOnlyForDeploymentPostprocessing = 0;
		};
/* End PBXSourcesBuildPhase section */

/* Begin PBXTargetDependency section */
		38F7C2201F722A89006C995A /* PBXTargetDependency */ = {
			isa = PBXTargetDependency;
			target = 38F7C20C1F722A89006C995A /* Know Your Family */;
			targetProxy = 38F7C21F1F722A89006C995A /* PBXContainerItemProxy */;
		};
/* End PBXTargetDependency section */

/* Begin PBXVariantGroup section */
		38F7C2321F722B8B006C995A /* LaunchScreen.storyboard */ = {
			isa = PBXVariantGroup;
			children = (
				38F7C2331F722B8B006C995A /* Base */,
			);
			name = LaunchScreen.storyboard;
			sourceTree = "<group>";
		};
/* End PBXVariantGroup section */

/* Begin XCBuildConfiguration section */
		38F7C2251F722A89006C995A /* Debug */ = {
			isa = XCBuildConfiguration;
			buildSettings = {
				ALWAYS_SEARCH_USER_PATHS = NO;
				CLANG_ANALYZER_NONNULL = YES;
				CLANG_ANALYZER_NUMBER_OBJECT_CONVERSION = YES_AGGRESSIVE;
				CLANG_CXX_LANGUAGE_STANDARD = "gnu++14";
				CLANG_CXX_LIBRARY = "libc++";
				CLANG_ENABLE_MODULES = YES;
				CLANG_ENABLE_OBJC_ARC = YES;
				CLANG_WARN_BLOCK_CAPTURE_AUTORELEASING = YES;
				CLANG_WARN_BOOL_CONVERSION = YES;
				CLANG_WARN_COMMA = YES;
				CLANG_WARN_CONSTANT_CONVERSION = YES;
				CLANG_WARN_DIRECT_OBJC_ISA_USAGE = YES_ERROR;
				CLANG_WARN_DOCUMENTATION_COMMENTS = YES;
				CLANG_WARN_EMPTY_BODY = YES;
				CLANG_WARN_ENUM_CONVERSION = YES;
				CLANG_WARN_INFINITE_RECURSION = YES;
				CLANG_WARN_INT_CONVERSION = YES;
				CLANG_WARN_NON_LITERAL_NULL_CONVERSION = YES;
				CLANG_WARN_OBJC_LITERAL_CONVERSION = YES;
				CLANG_WARN_OBJC_ROOT_CLASS = YES_ERROR;
				CLANG_WARN_RANGE_LOOP_ANALYSIS = YES;
				CLANG_WARN_STRICT_PROTOTYPES = YES;
				CLANG_WARN_SUSPICIOUS_MOVE = YES;
				CLANG_WARN_UNGUARDED_AVAILABILITY = YES_AGGRESSIVE;
				CLANG_WARN_UNREACHABLE_CODE = YES;
				CLANG_WARN__DUPLICATE_METHOD_MATCH = YES;
				CODE_SIGN_IDENTITY = "iPhone Developer";
				COPY_PHASE_STRIP = NO;
				DEBUG_INFORMATION_FORMAT = dwarf;
				ENABLE_STRICT_OBJC_MSGSEND = YES;
				ENABLE_TESTABILITY = YES;
				GCC_C_LANGUAGE_STANDARD = gnu11;
				GCC_DYNAMIC_NO_PIC = NO;
				GCC_NO_COMMON_BLOCKS = YES;
				GCC_OPTIMIZATION_LEVEL = 0;
				GCC_PREPROCESSOR_DEFINITIONS = (
					"DEBUG=1",
					"$(inherited)",
				);
				GCC_WARN_64_TO_32_BIT_CONVERSION = YES;
				GCC_WARN_ABOUT_RETURN_TYPE = YES_ERROR;
				GCC_WARN_UNDECLARED_SELECTOR = YES;
				GCC_WARN_UNINITIALIZED_AUTOS = YES_AGGRESSIVE;
				GCC_WARN_UNUSED_FUNCTION = YES;
				GCC_WARN_UNUSED_VARIABLE = YES;
				IPHONEOS_DEPLOYMENT_TARGET = 11.0;
				MTL_ENABLE_DEBUG_INFO = YES;
				ONLY_ACTIVE_ARCH = YES;
				SDKROOT = iphoneos;
				SWIFT_ACTIVE_COMPILATION_CONDITIONS = DEBUG;
				SWIFT_OPTIMIZATION_LEVEL = "-Onone";
			};
			name = Debug;
		};
		38F7C2261F722A89006C995A /* Release */ = {
			isa = XCBuildConfiguration;
			buildSettings = {
				ALWAYS_SEARCH_USER_PATHS = NO;
				CLANG_ANALYZER_NONNULL = YES;
				CLANG_ANALYZER_NUMBER_OBJECT_CONVERSION = YES_AGGRESSIVE;
				CLANG_CXX_LANGUAGE_STANDARD = "gnu++14";
				CLANG_CXX_LIBRARY = "libc++";
				CLANG_ENABLE_MODULES = YES;
				CLANG_ENABLE_OBJC_ARC = YES;
				CLANG_WARN_BLOCK_CAPTURE_AUTORELEASING = YES;
				CLANG_WARN_BOOL_CONVERSION = YES;
				CLANG_WARN_COMMA = YES;
				CLANG_WARN_CONSTANT_CONVERSION = YES;
				CLANG_WARN_DIRECT_OBJC_ISA_USAGE = YES_ERROR;
				CLANG_WARN_DOCUMENTATION_COMMENTS = YES;
				CLANG_WARN_EMPTY_BODY = YES;
				CLANG_WARN_ENUM_CONVERSION = YES;
				CLANG_WARN_INFINITE_RECURSION = YES;
				CLANG_WARN_INT_CONVERSION = YES;
				CLANG_WARN_NON_LITERAL_NULL_CONVERSION = YES;
				CLANG_WARN_OBJC_LITERAL_CONVERSION = YES;
				CLANG_WARN_OBJC_ROOT_CLASS = YES_ERROR;
				CLANG_WARN_RANGE_LOOP_ANALYSIS = YES;
				CLANG_WARN_STRICT_PROTOTYPES = YES;
				CLANG_WARN_SUSPICIOUS_MOVE = YES;
				CLANG_WARN_UNGUARDED_AVAILABILITY = YES_AGGRESSIVE;
				CLANG_WARN_UNREACHABLE_CODE = YES;
				CLANG_WARN__DUPLICATE_METHOD_MATCH = YES;
				CODE_SIGN_IDENTITY = "iPhone Developer";
				COPY_PHASE_STRIP = NO;
				DEBUG_INFORMATION_FORMAT = "dwarf-with-dsym";
				ENABLE_NS_ASSERTIONS = NO;
				ENABLE_STRICT_OBJC_MSGSEND = YES;
				GCC_C_LANGUAGE_STANDARD = gnu11;
				GCC_NO_COMMON_BLOCKS = YES;
				GCC_WARN_64_TO_32_BIT_CONVERSION = YES;
				GCC_WARN_ABOUT_RETURN_TYPE = YES_ERROR;
				GCC_WARN_UNDECLARED_SELECTOR = YES;
				GCC_WARN_UNINITIALIZED_AUTOS = YES_AGGRESSIVE;
				GCC_WARN_UNUSED_FUNCTION = YES;
				GCC_WARN_UNUSED_VARIABLE = YES;
				IPHONEOS_DEPLOYMENT_TARGET = 11.0;
				MTL_ENABLE_DEBUG_INFO = NO;
				SDKROOT = iphoneos;
				SWIFT_OPTIMIZATION_LEVEL = "-Owholemodule";
				VALIDATE_PRODUCT = YES;
			};
			name = Release;
		};
		38F7C2281F722A89006C995A /* Debug */ = {
			isa = XCBuildConfiguration;
			buildSettings = {
				ASSETCATALOG_COMPILER_APPICON_NAME = AppIcon;
				ASSETCATALOG_COMPILER_LAUNCHIMAGE_NAME = LaunchImage;
				CODE_SIGN_STYLE = Automatic;
				DEVELOPMENT_TEAM = 9EUCWD26TP;
				INFOPLIST_FILE = "$(SRCROOT)/Know Your Family/Supporting Files/Info.plist";
				IPHONEOS_DEPLOYMENT_TARGET = 9.0;
				LD_RUNPATH_SEARCH_PATHS = "$(inherited) @executable_path/Frameworks";
				PRODUCT_BUNDLE_IDENTIFIER = "me.nathantannar.Know-Your-Family";
				PRODUCT_NAME = "$(TARGET_NAME)";
				SWIFT_VERSION = 4.0;
				TARGETED_DEVICE_FAMILY = "1,2";
			};
			name = Debug;
		};
		38F7C2291F722A89006C995A /* Release */ = {
			isa = XCBuildConfiguration;
			buildSettings = {
				ASSETCATALOG_COMPILER_APPICON_NAME = AppIcon;
				ASSETCATALOG_COMPILER_LAUNCHIMAGE_NAME = LaunchImage;
				CODE_SIGN_STYLE = Automatic;
				DEVELOPMENT_TEAM = 9EUCWD26TP;
				INFOPLIST_FILE = "$(SRCROOT)/Know Your Family/Supporting Files/Info.plist";
				IPHONEOS_DEPLOYMENT_TARGET = 9.0;
				LD_RUNPATH_SEARCH_PATHS = "$(inherited) @executable_path/Frameworks";
				PRODUCT_BUNDLE_IDENTIFIER = "me.nathantannar.Know-Your-Family";
				PRODUCT_NAME = "$(TARGET_NAME)";
				SWIFT_VERSION = 4.0;
				TARGETED_DEVICE_FAMILY = "1,2";
			};
			name = Release;
		};
		38F7C22B1F722A89006C995A /* Debug */ = {
			isa = XCBuildConfiguration;
			buildSettings = {
				ALWAYS_EMBED_SWIFT_STANDARD_LIBRARIES = YES;
				BUNDLE_LOADER = "$(TEST_HOST)";
				CODE_SIGN_STYLE = Automatic;
				DEVELOPMENT_TEAM = 9EUCWD26TP;
				INFOPLIST_FILE = "Know Your FamilyTests/Info.plist";
				LD_RUNPATH_SEARCH_PATHS = "$(inherited) @executable_path/Frameworks @loader_path/Frameworks";
				PRODUCT_BUNDLE_IDENTIFIER = "me.nathantannar.Know-Your-FamilyTests";
				PRODUCT_NAME = "$(TARGET_NAME)";
				SWIFT_VERSION = 4.0;
				TARGETED_DEVICE_FAMILY = "1,2";
				TEST_HOST = "$(BUILT_PRODUCTS_DIR)/Know Your Family.app/Know Your Family";
			};
			name = Debug;
		};
		38F7C22C1F722A89006C995A /* Release */ = {
			isa = XCBuildConfiguration;
			buildSettings = {
				ALWAYS_EMBED_SWIFT_STANDARD_LIBRARIES = YES;
				BUNDLE_LOADER = "$(TEST_HOST)";
				CODE_SIGN_STYLE = Automatic;
				DEVELOPMENT_TEAM = 9EUCWD26TP;
				INFOPLIST_FILE = "Know Your FamilyTests/Info.plist";
				LD_RUNPATH_SEARCH_PATHS = "$(inherited) @executable_path/Frameworks @loader_path/Frameworks";
				PRODUCT_BUNDLE_IDENTIFIER = "me.nathantannar.Know-Your-FamilyTests";
				PRODUCT_NAME = "$(TARGET_NAME)";
				SWIFT_VERSION = 4.0;
				TARGETED_DEVICE_FAMILY = "1,2";
				TEST_HOST = "$(BUILT_PRODUCTS_DIR)/Know Your Family.app/Know Your Family";
			};
			name = Release;
		};
/* End XCBuildConfiguration section */

/* Begin XCConfigurationList section */
		38F7C2081F722A89006C995A /* Build configuration list for PBXProject "Know Your Family" */ = {
			isa = XCConfigurationList;
			buildConfigurations = (
				38F7C2251F722A89006C995A /* Debug */,
				38F7C2261F722A89006C995A /* Release */,
			);
			defaultConfigurationIsVisible = 0;
			defaultConfigurationName = Release;
		};
		38F7C2271F722A89006C995A /* Build configuration list for PBXNativeTarget "Know Your Family" */ = {
			isa = XCConfigurationList;
			buildConfigurations = (
				38F7C2281F722A89006C995A /* Debug */,
				38F7C2291F722A89006C995A /* Release */,
			);
			defaultConfigurationIsVisible = 0;
			defaultConfigurationName = Release;
		};
		38F7C22A1F722A89006C995A /* Build configuration list for PBXNativeTarget "Know Your FamilyTests" */ = {
			isa = XCConfigurationList;
			buildConfigurations = (
				38F7C22B1F722A89006C995A /* Debug */,
				38F7C22C1F722A89006C995A /* Release */,
			);
			defaultConfigurationIsVisible = 0;
			defaultConfigurationName = Release;
		};
/* End XCConfigurationList section */
	};
	rootObject = 38F7C2051F722A89006C995A /* Project object */;
}
